name: Moran School Trigger Clock

on:
  workflow_dispatch:
  schedule:
    # GitHub cron is UTC. Run every 10 minutes at :07/:17/... all day,
    # then decide the real school phase from America/Chicago inside the job.
    # This avoids timezone-registration drift and remains correct across DST.
    - cron: '7,17,27,37,47,57 * * * *'

permissions:
  contents: read
  issues: write
  pull-requests: write

jobs:
  deliver:
    runs-on: ubuntu-latest
    steps:
      - name: Deliver external school trigger
        env:
          USER_TOKEN: ${{ secrets.GH_PAT }}
          DEFAULT_TOKEN: ${{ github.token }}
          REPO: ${{ github.repository }}
          EVENT_NAME: ${{ github.event_name }}
          RUN_ID: ${{ github.run_id }}
        shell: bash
        run: |
          local_date="$(TZ=America/Chicago date +'%Y-%m-%d')"
          local_hour="$(TZ=America/Chicago date +'%H')"
          local_minute="$(TZ=America/Chicago date +'%M')"

          if [ "$EVENT_NAME" = "workflow_dispatch" ]; then
            phase="PRIMARY"
          elif [ "$EVENT_NAME" = "schedule" ]; then
            case "$local_hour" in
              07|08|09|10|11|12|13|14|15|16|17|18|19|20)
                phase="PRIMARY"
                ;;
              21)
                phase="NIGHTLY_CLOSEOUT_PREFLIGHT"
                ;;
              *)
                echo "Outside Moran School local execution window: $local_hour:$local_minute America/Chicago"
                exit 0
                ;;
            esac
          else
            echo "ERROR: Unsupported event: $EVENT_NAME"
            exit 1
          fi

          if [ -n "$USER_TOKEN" ]; then
            export GH_TOKEN="$USER_TOKEN"
            auth_mode="user"
          else
            export GH_TOKEN="$DEFAULT_TOKEN"
            auth_mode="fallback-bot"
          fi

          if [ "$phase" = "NIGHTLY_CLOSEOUT_PREFLIGHT" ]; then
            existing_nightly="$(
              gh api --paginate "repos/$REPO/issues/4/comments?per_page=100" --jq '.[].body' |
              grep -F "MORAN_HOMESCHOOL_REVIEW_TRIGGER date=$local_date" |
              grep -F "phase=NIGHTLY_CLOSEOUT_PREFLIGHT" || true
            )"
            if [ -n "$existing_nightly" ]; then
              echo "Nightly closeout trigger already delivered for $local_date; skipping duplicate."
              exit 0
            fi
          fi

          stamp="$(date -u +'%Y-%m-%dT%H:%M:%SZ')"

          if [ "$phase" = "NIGHTLY_CLOSEOUT_PREFLIGHT" ]; then
            instruction="Run the combined nightly closeout + next-day preflight. First process any remaining safely matchable current-day work, finish missing class Reviews/advancement/curriculum repairs, finalize or update the one authoritative daily parent Review Packet per student when applicable, and explicitly account for anything genuinely unresolved. Then preflight the next calendar school day and the rolling five-day horizon so next-day student-facing classes are prerequisite-safe, resource-complete, instruction-quality checked, appropriately timed, and ready before morning. Preserve Assignment IDs and runtime state; do not create school work for an explicitly designated no-school date."
          else
            instruction="Run the rolling Homeschool Daytime Review workflow for all work eligible now. Process every newly completed safely matchable class without waiting for the rest of the day, publish the student Review as soon as reviewed, make the required advancement decision, apply any instruction/curriculum repair immediately, and preserve Assignment IDs and runtime state."
          fi

          body="MORAN_HOMESCHOOL_REVIEW_TRIGGER date=$local_date time=$local_hour:$local_minute phase=$phase github_run_id=$RUN_ID timestamp=$stamp. $instruction Read and follow the CURRENT live Home Schooling Master Index. Image-only scans are normal evidence."

          gh api --method POST "repos/$REPO/issues/4/comments" -f body="$body" >/dev/null
          echo "Delivered Moran trigger auth_mode=$auth_mode phase=$phase local_time=$local_hour:$local_minute event=$EVENT_NAME"
